
Microsoft Visual Studio Solution File, Format Version 12.00
# Visual Studio Version 16
VisualStudioVersion = 16.0.29306.81
MinimumVisualStudioVersion = 10.0.40219.1
Project("{FAE04EC0-301F-11D3-BF4B-00C04F79EFBC}") = "up", "up.csproj", "{C5719BF5-5C3C-4A9D-A3FC-08E85D7034C0}"
EndProject
Global
	GlobalSection(SolutionConfigurationPlatforms) = preSolution
		Debug|Any CPU = Debug|Any CPU
		Debug|x64 = Debug|x64
		Release|Any CPU = Release|Any CPU
		Release|x64 = Release|x64
	EndGlobalSection
	GlobalSection(ProjectConfigurationPlatforms) = postSolution
		{C5719BF5-5C3C-4A9D-A3FC-08E85D7034C0}.Debug|Any CPU.ActiveCfg = Debug|Any CPU
		{C5719BF5-5C3C-4A9D-A3FC-08E85D7034C0}.Debug|Any CPU.Build.0 = Debug|Any CPU
		{C5719BF5-5C3C-4A9D-A3FC-08E85D7034C0}.Debug|x64.ActiveCfg = Debug|x64
		{C5719BF5-5C3C-4A9D-A3FC-08E85D7034C0}.Debug|x64.Build.0 = Debug|x64
		{C5719BF5-5C3C-4A9D-A3FC-08E85D7034C0}.Release|Any CPU.ActiveCfg = Release|Any CPU
		{C5719BF5-5C3C-4A9D-A3FC-08E85D7034C0}.Release|Any CPU.Build.0 = Release|Any CPU
		{C5719BF5-5C3C-4A9D-A3FC-08E85D7034C0}.Release|x64.ActiveCfg = Release|x64
		{C5719BF5-5C3C-4A9D-A3FC-08E85D7034C0}.Release|x64.Build.0 = Release|x64
	EndGlobalSection
	GlobalSection(SolutionProperties) = preSolution
		HideSolutionNode = FALSE
	EndGlobalSection
	GlobalSection(ExtensibilityGlobals) = postSolution
		SolutionGuid = {C358A81E-9DEF-4074-9754-00AEE41CB6A0}
	EndGlobalSection
EndGlobal
